
Microsoft Visual Studio Solution File, Format Version 12.00
# Visual Studio Version 16
VisualStudioVersion = 16.0.30309.148
MinimumVisualStudioVersion = 10.0.40219.1
Project("{FAE04EC0-301F-11D3-BF4B-00C04F79EFBC}") = "GunaTutorial", "GunaTutorial.csproj", "{4FDA4F8C-7219-4F6E-8C1C-8E16E535BB45}"
EndProject
Global
	GlobalSection(SolutionConfigurationPlatforms) = preSolution
		Debug|Any CPU = Debug|Any CPU
		Release|Any CPU = Release|Any CPU
	EndGlobalSection
	GlobalSection(ProjectConfigurationPlatforms) = postSolution
		{4FDA4F8C-7219-4F6E-8C1C-8E16E535BB45}.Debug|Any CPU.ActiveCfg = Debug|Any CPU
		{4FDA4F8C-7219-4F6E-8C1C-8E16E535BB45}.Debug|Any CPU.Build.0 = Debug|Any CPU
		{4FDA4F8C-7219-4F6E-8C1C-8E16E535BB45}.Release|Any CPU.ActiveCfg = Release|Any CPU
		{4FDA4F8C-7219-4F6E-8C1C-8E16E535BB45}.Release|Any CPU.Build.0 = Release|Any CPU
	EndGlobalSection
	GlobalSection(SolutionProperties) = preSolution
		HideSolutionNode = FALSE
	EndGlobalSection
	GlobalSection(ExtensibilityGlobals) = postSolution
		SolutionGuid = {EE9CE27A-2C96-46F7-8716-DE1E53809E2B}
	EndGlobalSection
EndGlobal
